{
  "name": "modular-cssify",
  "version": "14.2.0",
  "lockfileVersion": 1,
  "requires": true,
  "dependencies": {
    "buffer-from": {
      "version": "1.1.0",
      "resolved": "https://registry.npmjs.org/buffer-from/-/buffer-from-1.1.0.tgz",
      "integrity": "sha512-c5mRlguI/Pe2dSZmpER62rSCu0ryKmWddzRYsuXc50U2/g8jMOulc31VZMa4mYx31U5xsmSOpDCgH88Vl9cDGQ=="
    },
    "concat-stream": {
      "version": "1.6.2",
      "resolved": "https://registry.npmjs.org/concat-stream/-/concat-stream-1.6.2.tgz",
      "integrity": "sha512-27HBghJxjiZtIk3Ycvn/4kbJk/1uZuJFfuPEns6LaEvpvG1f0hTea8lilrouyo9mVc2GWdcEZ8OLoGmSADlrCw==",
      "requires": {
        "buffer-from": "^1.0.0",
        "inherits": "^2.0.3",
        "readable-stream": "^2.2.2",
        "typedarray": "^0.0.6"
      }
    },
    "core-util-is": {
      "version": "1.0.2",
      "resolved": "https://registry.npmjs.org/core-util-is/-/core-util-is-1.0.2.tgz",
      "integrity": "sha1-tf1UIgqivFq1eqtxQMlAdUUDwac="
    },
    "inherits": {
      "version": "2.0.3",
      "resolved": "https://registry.npmjs.org/inherits/-/inherits-2.0.3.tgz",
      "integrity": "sha1-Yzwsg+PaQqUC9SRmAiSA9CCCYd4="
    },
    "isarray": {
      "version": "1.0.0",
      "resolved": "https://registry.npmjs.org/isarray/-/isarray-1.0.0.tgz",
      "integrity": "sha1-u5NdSFgsuhaMBoNJV6VKPgcSTxE="
    },
    "minimist": {
      "version": "0.0.8",
      "resolved": "https://registry.npmjs.org/minimist/-/minimist-0.0.8.tgz",
      "integrity": "sha1-hX/Kv8M5fSYluCKCYuhqp6ARsF0="
    },
    "mkdirp": {
      "version": "0.5.1",
      "resolved": "https://registry.npmjs.org/mkdirp/-/mkdirp-0.5.1.tgz",
      "integrity": "sha1-MAV0OOrGz3+MR2fzhkjWaX11yQM=",
      "requires": {
        "minimist": "0.0.8"
      }
    },
    "modular-css-core": {
      "version": "file:../core",
      "requires": {
        "dependency-graph": "^0.7.1",
        "escape-string-regexp": "^1.0.5",
        "lodash.findlast": "^4.6.0",
        "lodash.foreach": "^4.5.0",
        "lodash.get": "^4.4.2",
        "lodash.invert": "^4.3.0",
        "lodash.mapvalues": "^4.6.0",
        "p-each-series": "^1.0.0",
        "postcss": "^7.0.0",
        "postcss-selector-parser": "^3.0.0",
        "postcss-url": "^7.3.0",
        "postcss-value-parser": "^3.3.0",
        "resolve-from": "^4.0.0",
        "true-case-path": "^1.0.2",
        "unique-slug": "^2.0.0"
      },
      "dependencies": {
        "ansi-styles": {
          "version": "3.2.1",
          "bundled": true,
          "requires": {
            "color-convert": "^1.9.0"
          }
        },
        "balanced-match": {
          "version": "1.0.0",
          "bundled": true
        },
        "brace-expansion": {
          "version": "1.1.11",
          "bundled": true,
          "requires": {
            "balanced-match": "^1.0.0",
            "concat-map": "0.0.1"
          }
        },
        "chalk": {
          "version": "2.4.1",
          "bundled": true,
          "requires": {
            "ansi-styles": "^3.2.1",
            "escape-string-regexp": "^1.0.5",
            "supports-color": "^5.3.0"
          }
        },
        "color-convert": {
          "version": "1.9.2",
          "bundled": true,
          "requires": {
            "color-name": "1.1.1"
          }
        },
        "color-name": {
          "version": "1.1.1",
          "bundled": true
        },
        "concat-map": {
          "version": "0.0.1",
          "bundled": true
        },
        "cuint": {
          "version": "0.2.2",
          "bundled": true
        },
        "dependency-graph": {
          "version": "0.7.1",
          "bundled": true
        },
        "dot-prop": {
          "version": "4.2.0",
          "bundled": true,
          "requires": {
            "is-obj": "^1.0.0"
          }
        },
        "escape-string-regexp": {
          "version": "1.0.5",
          "bundled": true
        },
        "glob": {
          "version": "6.0.4",
          "bundled": true,
          "requires": {
            "inflight": "^1.0.4",
            "inherits": "2",
            "minimatch": "2 || 3",
            "once": "^1.3.0",
            "path-is-absolute": "^1.0.0"
          }
        },
        "has-flag": {
          "version": "3.0.0",
          "bundled": true
        },
        "imurmurhash": {
          "version": "0.1.4",
          "bundled": true
        },
        "indexes-of": {
          "version": "1.0.1",
          "bundled": true
        },
        "inflight": {
          "version": "1.0.6",
          "bundled": true,
          "requires": {
            "once": "^1.3.0",
            "wrappy": "1"
          }
        },
        "inherits": {
          "version": "2.0.3",
          "bundled": true
        },
        "is-obj": {
          "version": "1.0.1",
          "bundled": true
        },
        "lodash.findlast": {
          "version": "4.6.0",
          "bundled": true
        },
        "lodash.foreach": {
          "version": "4.5.0",
          "bundled": true
        },
        "lodash.get": {
          "version": "4.4.2",
          "bundled": true
        },
        "lodash.invert": {
          "version": "4.3.0",
          "bundled": true
        },
        "lodash.mapvalues": {
          "version": "4.6.0",
          "bundled": true
        },
        "lodash.uniq": {
          "version": "4.5.0",
          "bundled": true
        },
        "mime": {
          "version": "1.6.0",
          "bundled": true
        },
        "minimatch": {
          "version": "3.0.4",
          "bundled": true,
          "requires": {
            "brace-expansion": "^1.1.7"
          }
        },
        "minimist": {
          "version": "0.0.8",
          "bundled": true
        },
        "mkdirp": {
          "version": "0.5.1",
          "bundled": true,
          "requires": {
            "minimist": "0.0.8"
          }
        },
        "once": {
          "version": "1.4.0",
          "bundled": true,
          "requires": {
            "wrappy": "1"
          }
        },
        "p-each-series": {
          "version": "1.0.0",
          "bundled": true,
          "requires": {
            "p-reduce": "^1.0.0"
          }
        },
        "p-reduce": {
          "version": "1.0.0",
          "bundled": true
        },
        "path-is-absolute": {
          "version": "1.0.1",
          "bundled": true
        },
        "postcss": {
          "version": "7.0.0",
          "bundled": true,
          "requires": {
            "chalk": "^2.4.1",
            "source-map": "^0.6.1",
            "supports-color": "^5.4.0"
          }
        },
        "postcss-selector-parser": {
          "version": "3.1.1",
          "bundled": true,
          "requires": {
            "dot-prop": "^4.1.1",
            "indexes-of": "^1.0.1",
            "uniq": "^1.0.1"
          }
        },
        "postcss-url": {
          "version": "7.3.2",
          "bundled": true,
          "requires": {
            "mime": "^1.4.1",
            "minimatch": "^3.0.4",
            "mkdirp": "^0.5.0",
            "postcss": "^6.0.1",
            "xxhashjs": "^0.2.1"
          },
          "dependencies": {
            "postcss": {
              "version": "6.0.23",
              "bundled": true,
              "requires": {
                "chalk": "^2.4.1",
                "source-map": "^0.6.1",
                "supports-color": "^5.4.0"
              }
            }
          }
        },
        "postcss-value-parser": {
          "version": "3.3.0",
          "bundled": true
        },
        "resolve-from": {
          "version": "4.0.0",
          "bundled": true
        },
        "source-map": {
          "version": "0.6.1",
          "bundled": true
        },
        "supports-color": {
          "version": "5.4.0",
          "bundled": true,
          "requires": {
            "has-flag": "^3.0.0"
          }
        },
        "true-case-path": {
          "version": "1.0.2",
          "bundled": true,
          "requires": {
            "glob": "^6.0.4"
          }
        },
        "uniq": {
          "version": "1.0.1",
          "bundled": true
        },
        "unique-slug": {
          "version": "2.0.0",
          "bundled": true,
          "requires": {
            "imurmurhash": "^0.1.4"
          }
        },
        "wrappy": {
          "version": "1.0.2",
          "bundled": true
        },
        "xxhashjs": {
          "version": "0.2.2",
          "bundled": true,
          "requires": {
            "cuint": "^0.2.2"
          }
        }
      }
    },
    "p-each-series": {
      "version": "1.0.0",
      "resolved": "https://registry.npmjs.org/p-each-series/-/p-each-series-1.0.0.tgz",
      "integrity": "sha1-kw89Et0fUOdDRFeiLNbwSsatf3E=",
      "requires": {
        "p-reduce": "^1.0.0"
      }
    },
    "p-reduce": {
      "version": "1.0.0",
      "resolved": "https://registry.npmjs.org/p-reduce/-/p-reduce-1.0.0.tgz",
      "integrity": "sha1-GMKw3ZNqRpClKfgjH1ig/bakffo="
    },
    "process-nextick-args": {
      "version": "2.0.0",
      "resolved": "https://registry.npmjs.org/process-nextick-args/-/process-nextick-args-2.0.0.tgz",
      "integrity": "sha512-MtEC1TqN0EU5nephaJ4rAtThHtC86dNN9qCuEhtshvpVBkAW5ZO7BASN9REnF9eoXGcRub+pFuKEpOHE+HbEMw=="
    },
    "readable-stream": {
      "version": "2.3.6",
      "resolved": "https://registry.npmjs.org/readable-stream/-/readable-stream-2.3.6.tgz",
      "integrity": "sha512-tQtKA9WIAhBF3+VLAseyMqZeBjW0AHJoxOtYqSUZNJxauErmLbVm2FW1y+J/YA9dUrAC39ITejlZWhVIwawkKw==",
      "requires": {
        "core-util-is": "~1.0.0",
        "inherits": "~2.0.3",
        "isarray": "~1.0.0",
        "process-nextick-args": "~2.0.0",
        "safe-buffer": "~5.1.1",
        "string_decoder": "~1.1.1",
        "util-deprecate": "~1.0.1"
      }
    },
    "safe-buffer": {
      "version": "5.1.2",
      "resolved": "https://registry.npmjs.org/safe-buffer/-/safe-buffer-5.1.2.tgz",
      "integrity": "sha512-Gd2UZBJDkXlY7GbJxfsE8/nvKkUEU1G38c1siN6QP6a9PT9MmHB8GnpscSmMJSoF8LOIrt8ud/wPtojys4G6+g=="
    },
    "sink-transform": {
      "version": "2.0.0",
      "resolved": "https://registry.npmjs.org/sink-transform/-/sink-transform-2.0.0.tgz",
      "integrity": "sha1-/hgXyrM8NmEEgnuUPJHcdnLjrA4=",
      "requires": {
        "concat-stream": "^1.4.8",
        "readable-stream": "^2.0.0"
      }
    },
    "string_decoder": {
      "version": "1.1.1",
      "resolved": "https://registry.npmjs.org/string_decoder/-/string_decoder-1.1.1.tgz",
      "integrity": "sha512-n/ShnvDi6FHbbVfviro+WojiFzv+s8MPMHBczVePfUpDJLwoLT0ht1l4YwBCbi8pJAveEEdnkHyPyTP/mzRfwg==",
      "requires": {
        "safe-buffer": "~5.1.0"
      }
    },
    "through2": {
      "version": "2.0.3",
      "resolved": "https://registry.npmjs.org/through2/-/through2-2.0.3.tgz",
      "integrity": "sha1-AARWmzfHx0ujnEPzzteNGtlBQL4=",
      "requires": {
        "readable-stream": "^2.1.5",
        "xtend": "~4.0.1"
      }
    },
    "typedarray": {
      "version": "0.0.6",
      "resolved": "https://registry.npmjs.org/typedarray/-/typedarray-0.0.6.tgz",
      "integrity": "sha1-hnrHTjhkGHsdPUfZlqeOxciDB3c="
    },
    "util-deprecate": {
      "version": "1.0.2",
      "resolved": "https://registry.npmjs.org/util-deprecate/-/util-deprecate-1.0.2.tgz",
      "integrity": "sha1-RQ1Nyfpw3nMnYvvS1KKJgUGaDM8="
    },
    "xtend": {
      "version": "4.0.1",
      "resolved": "https://registry.npmjs.org/xtend/-/xtend-4.0.1.tgz",
      "integrity": "sha1-pcbVMr5lbiPbgg77lDofBJmNY68="
    }
  }
}
