{
  "name": "modular-css-aliases",
  "version": "5.1.6",
  "lockfileVersion": 1,
  "dependencies": {
    "dentist": {
      "version": "1.0.3",
      "resolved": "https://registry.npmjs.org/dentist/-/dentist-1.0.3.tgz",
      "integrity": "sha1-7xlKl1NCChUMJCPHy2TPmIfXIbQ=",
      "dev": true
    },
    "resolve-from": {
      "version": "3.0.0",
      "resolved": "https://registry.npmjs.org/resolve-from/-/resolve-from-3.0.0.tgz",
      "integrity": "sha1-six699nWiBvItuZTM17rywoYh0g="
    }
  }
}
